
Microsoft Visual Studio Solution File, Format Version 12.00
# Visual Studio Version 17
VisualStudioVersion = 17.8.34511.84
MinimumVisualStudioVersion = 10.0.40219.1
Project("{FAE04EC0-301F-11D3-BF4B-00C04F79EFBC}") = "ValidationExtensions", "ValidationExtensions\ValidationExtensions.csproj", "{CBFCB38D-88E7-41AC-ACE0-9303B73CA961}"
EndProject
Global
	GlobalSection(SolutionConfigurationPlatforms) = preSolution
		Debug|Any CPU = Debug|Any CPU
		Release|Any CPU = Release|Any CPU
	EndGlobalSection
	GlobalSection(ProjectConfigurationPlatforms) = postSolution
		{CBFCB38D-88E7-41AC-ACE0-9303B73CA961}.Debug|Any CPU.ActiveCfg = Debug|Any CPU
		{CBFCB38D-88E7-41AC-ACE0-9303B73CA961}.Debug|Any CPU.Build.0 = Debug|Any CPU
		{CBFCB38D-88E7-41AC-ACE0-9303B73CA961}.Release|Any CPU.ActiveCfg = Release|Any CPU
		{CBFCB38D-88E7-41AC-ACE0-9303B73CA961}.Release|Any CPU.Build.0 = Release|Any CPU
	EndGlobalSection
	GlobalSection(SolutionProperties) = preSolution
		HideSolutionNode = FALSE
	EndGlobalSection
	GlobalSection(ExtensibilityGlobals) = postSolution
		SolutionGuid = {98F8AF43-D7E9-4C75-9C3C-98CF207913C7}
	EndGlobalSection
EndGlobal
